
Microsoft Visual Studio Solution File, Format Version 12.00
# Visual Studio Version 16
VisualStudioVersion = 16.0.30406.217
MinimumVisualStudioVersion = 10.0.40219.1
Project("{9A19103F-16F7-4668-BE54-9A1E7A4F7556}") = "TranslationFunction", "TranslationFunction\TranslationFunction.csproj", "{12A44070-4541-47E0-8ED1-EBF867118652}"
EndProject
Global
	GlobalSection(SolutionConfigurationPlatforms) = preSolution
		Debug|Any CPU = Debug|Any CPU
		Release|Any CPU = Release|Any CPU
	EndGlobalSection
	GlobalSection(ProjectConfigurationPlatforms) = postSolution
		{12A44070-4541-47E0-8ED1-EBF867118652}.Debug|Any CPU.ActiveCfg = Debug|Any CPU
		{12A44070-4541-47E0-8ED1-EBF867118652}.Debug|Any CPU.Build.0 = Debug|Any CPU
		{12A44070-4541-47E0-8ED1-EBF867118652}.Release|Any CPU.ActiveCfg = Release|Any CPU
		{12A44070-4541-47E0-8ED1-EBF867118652}.Release|Any CPU.Build.0 = Release|Any CPU
	EndGlobalSection
	GlobalSection(SolutionProperties) = preSolution
		HideSolutionNode = FALSE
	EndGlobalSection
	GlobalSection(ExtensibilityGlobals) = postSolution
		SolutionGuid = {F6742B20-428E-4F50-BAE3-5C4D7898EAAC}
	EndGlobalSection
EndGlobal
